# This file is automatically @generated by Cargo.
# It is not intended for manual editing.
version = 4

[[package]]
name = "kernel"
version = "0.0.0"

[[package]]
name = "mkfs"
version = "0.0.0"

[[package]]
name = "user-cat"
version = "0.0.0"

[[package]]
name = "user-dorphan"
version = "0.0.0"

[[package]]
name = "user-echo"
version = "0.0.0"

[[package]]
name = "user-forktest"
version = "0.0.0"

[[package]]
name = "user-forphan"
version = "0.0.0"

[[package]]
name = "user-grep"
version = "0.0.0"

[[package]]
name = "user-grind"
version = "0.0.0"

[[package]]
name = "user-init"
version = "0.0.0"

[[package]]
name = "user-isty"
version = "0.0.0"

[[package]]
name = "user-kill"
version = "0.0.0"

[[package]]
name = "user-life"
version = "0.0.0"

[[package]]
name = "user-ln"
version = "0.0.0"

[[package]]
name = "user-logstress"
version = "0.0.0"

[[package]]
name = "user-ls"
version = "0.0.0"

[[package]]
name = "user-mkdir"
version = "0.0.0"

[[package]]
name = "user-primes"
version = "0.0.0"

[[package]]
name = "user-rm"
version = "0.0.0"

[[package]]
name = "user-sh"
version = "0.0.0"

[[package]]
name = "user-stressfs"
version = "0.0.0"

[[package]]
name = "user-usertests"
version = "0.0.0"

[[package]]
name = "user-wc"
version = "0.0.0"

[[package]]
name = "user-zombie"
version = "0.0.0"
